
Microsoft Visual Studio Solution File, Format Version 12.00
# Visual Studio Version 17
VisualStudioVersion = 17.5.002.0
MinimumVisualStudioVersion = 10.0.40219.1
Project("{2150E333-8FDC-42A3-9474-1A3956D46DE8}") = "sandbox", "sandbox", "{7D1500C8-CFCC-4384-B63D-34F6F71241C6}"
EndProject
Project("{9A19103F-16F7-4668-BE54-9A1E7A4F7556}") = "sandbox_project", "sandbox\sandbox_project\sandbox_project.csproj", "{C9E8D557-4B72-4FF3-9799-9AC1D91676FB}"
EndProject
Project("{2150E333-8FDC-42A3-9474-1A3956D46DE8}") = "week01", "week01", "{9F485C33-EBE7-41CC-8685-05EF96D470B7}"
EndProject
Project("{9A19103F-16F7-4668-BE54-9A1E7A4F7556}") = "analyze", "week01\analyze\analyze.csproj", "{43B356E7-2431-4594-880A-5E5A141249B0}"
EndProject
Project("{9A19103F-16F7-4668-BE54-9A1E7A4F7556}") = "code", "week01\code\code.csproj", "{DA529224-859F-46B1-AC7A-0667D47B6DD7}"
EndProject
Project("{9A19103F-16F7-4668-BE54-9A1E7A4F7556}") = "teach", "week01\teach\teach.csproj", "{D085DC58-B355-4EB4-A396-634217A6614F}"
EndProject
Project("{2150E333-8FDC-42A3-9474-1A3956D46DE8}") = "week02", "week02", "{F975CBB5-A796-40CB-97F9-4CE8E6920E13}"
EndProject
Project("{9A19103F-16F7-4668-BE54-9A1E7A4F7556}") = "analyze", "week02\analyze\analyze.csproj", "{B77ABF59-2E2D-477C-88ED-45F581366666}"
EndProject
Project("{9A19103F-16F7-4668-BE54-9A1E7A4F7556}") = "code", "week02\code\code.csproj", "{D29A1964-5ABF-4C80-8B18-93B3D1CBAE90}"
EndProject
Project("{9A19103F-16F7-4668-BE54-9A1E7A4F7556}") = "learn", "week02\learn\learn.csproj", "{A18776B7-4615-4F97-A481-65655256FC53}"
EndProject
Project("{9A19103F-16F7-4668-BE54-9A1E7A4F7556}") = "teach", "week02\teach\teach.csproj", "{54ED25D6-8BB4-445A-ABD7-9A54745F24A7}"
EndProject
Project("{2150E333-8FDC-42A3-9474-1A3956D46DE8}") = "week03", "week03", "{E9485C58-F538-4B9D-86F6-16C1DB457FB1}"
EndProject
Project("{9A19103F-16F7-4668-BE54-9A1E7A4F7556}") = "code", "week03\code\code.csproj", "{2C7D641F-572D-4201-AC01-EF41C56C0A51}"
EndProject
Project("{9A19103F-16F7-4668-BE54-9A1E7A4F7556}") = "learn", "week03\learn\learn.csproj", "{CBB7BBF6-D006-450C-B8FC-018244CAFAB1}"
EndProject
Project("{9A19103F-16F7-4668-BE54-9A1E7A4F7556}") = "teach", "week03\teach\teach.csproj", "{94C63377-AD88-43BD-B83F-A69F0A717F2B}"
EndProject
Project("{2150E333-8FDC-42A3-9474-1A3956D46DE8}") = "week04", "week04", "{E2287034-092A-4271-B4C0-92AB99DE1E3A}"
EndProject
Project("{9A19103F-16F7-4668-BE54-9A1E7A4F7556}") = "code", "week04\code\code.csproj", "{8AA598A5-7C5C-4B8D-B068-912531DA1D2F}"
EndProject
Project("{2150E333-8FDC-42A3-9474-1A3956D46DE8}") = "week05", "week05", "{10EF3E8E-AA79-4A69-B63D-2A24D8940FB8}"
EndProject
Project("{9A19103F-16F7-4668-BE54-9A1E7A4F7556}") = "code", "week05\code\code.csproj", "{E14049D1-3DBB-45D8-843A-C1330461387A}"
EndProject
Project("{2150E333-8FDC-42A3-9474-1A3956D46DE8}") = "week06", "week06", "{701CC000-4313-418F-BDC3-91D8FF6FFC5C}"
EndProject
Project("{9A19103F-16F7-4668-BE54-9A1E7A4F7556}") = "code", "week06\code\code.csproj", "{BEC11100-1FB4-47D4-A76D-4D07D710E530}"
EndProject
Global
	GlobalSection(SolutionConfigurationPlatforms) = preSolution
		Debug|Any CPU = Debug|Any CPU
		Release|Any CPU = Release|Any CPU
	EndGlobalSection
	GlobalSection(ProjectConfigurationPlatforms) = postSolution
		{C9E8D557-4B72-4FF3-9799-9AC1D91676FB}.Debug|Any CPU.ActiveCfg = Debug|Any CPU
		{C9E8D557-4B72-4FF3-9799-9AC1D91676FB}.Debug|Any CPU.Build.0 = Debug|Any CPU
		{C9E8D557-4B72-4FF3-9799-9AC1D91676FB}.Release|Any CPU.ActiveCfg = Release|Any CPU
		{C9E8D557-4B72-4FF3-9799-9AC1D91676FB}.Release|Any CPU.Build.0 = Release|Any CPU
		{43B356E7-2431-4594-880A-5E5A141249B0}.Debug|Any CPU.ActiveCfg = Debug|Any CPU
		{43B356E7-2431-4594-880A-5E5A141249B0}.Debug|Any CPU.Build.0 = Debug|Any CPU
		{43B356E7-2431-4594-880A-5E5A141249B0}.Release|Any CPU.ActiveCfg = Release|Any CPU
		{43B356E7-2431-4594-880A-5E5A141249B0}.Release|Any CPU.Build.0 = Release|Any CPU
		{DA529224-859F-46B1-AC7A-0667D47B6DD7}.Debug|Any CPU.ActiveCfg = Debug|Any CPU
		{DA529224-859F-46B1-AC7A-0667D47B6DD7}.Debug|Any CPU.Build.0 = Debug|Any CPU
		{DA529224-859F-46B1-AC7A-0667D47B6DD7}.Release|Any CPU.ActiveCfg = Release|Any CPU
		{DA529224-859F-46B1-AC7A-0667D47B6DD7}.Release|Any CPU.Build.0 = Release|Any CPU
		{D085DC58-B355-4EB4-A396-634217A6614F}.Debug|Any CPU.ActiveCfg = Debug|Any CPU
		{D085DC58-B355-4EB4-A396-634217A6614F}.Debug|Any CPU.Build.0 = Debug|Any CPU
		{D085DC58-B355-4EB4-A396-634217A6614F}.Release|Any CPU.ActiveCfg = Release|Any CPU
		{D085DC58-B355-4EB4-A396-634217A6614F}.Release|Any CPU.Build.0 = Release|Any CPU
		{B77ABF59-2E2D-477C-88ED-45F581366666}.Debug|Any CPU.ActiveCfg = Debug|Any CPU
		{B77ABF59-2E2D-477C-88ED-45F581366666}.Debug|Any CPU.Build.0 = Debug|Any CPU
		{B77ABF59-2E2D-477C-88ED-45F581366666}.Release|Any CPU.ActiveCfg = Release|Any CPU
		{B77ABF59-2E2D-477C-88ED-45F581366666}.Release|Any CPU.Build.0 = Release|Any CPU
		{D29A1964-5ABF-4C80-8B18-93B3D1CBAE90}.Debug|Any CPU.ActiveCfg = Debug|Any CPU
		{D29A1964-5ABF-4C80-8B18-93B3D1CBAE90}.Debug|Any CPU.Build.0 = Debug|Any CPU
		{D29A1964-5ABF-4C80-8B18-93B3D1CBAE90}.Release|Any CPU.ActiveCfg = Release|Any CPU
		{D29A1964-5ABF-4C80-8B18-93B3D1CBAE90}.Release|Any CPU.Build.0 = Release|Any CPU
		{A18776B7-4615-4F97-A481-65655256FC53}.Debug|Any CPU.ActiveCfg = Debug|Any CPU
		{A18776B7-4615-4F97-A481-65655256FC53}.Debug|Any CPU.Build.0 = Debug|Any CPU
		{A18776B7-4615-4F97-A481-65655256FC53}.Release|Any CPU.ActiveCfg = Release|Any CPU
		{A18776B7-4615-4F97-A481-65655256FC53}.Release|Any CPU.Build.0 = Release|Any CPU
		{54ED25D6-8BB4-445A-ABD7-9A54745F24A7}.Debug|Any CPU.ActiveCfg = Debug|Any CPU
		{54ED25D6-8BB4-445A-ABD7-9A54745F24A7}.Debug|Any CPU.Build.0 = Debug|Any CPU
		{54ED25D6-8BB4-445A-ABD7-9A54745F24A7}.Release|Any CPU.ActiveCfg = Release|Any CPU
		{54ED25D6-8BB4-445A-ABD7-9A54745F24A7}.Release|Any CPU.Build.0 = Release|Any CPU
		{2C7D641F-572D-4201-AC01-EF41C56C0A51}.Debug|Any CPU.ActiveCfg = Debug|Any CPU
		{2C7D641F-572D-4201-AC01-EF41C56C0A51}.Debug|Any CPU.Build.0 = Debug|Any CPU
		{2C7D641F-572D-4201-AC01-EF41C56C0A51}.Release|Any CPU.ActiveCfg = Release|Any CPU
		{2C7D641F-572D-4201-AC01-EF41C56C0A51}.Release|Any CPU.Build.0 = Release|Any CPU
		{CBB7BBF6-D006-450C-B8FC-018244CAFAB1}.Debug|Any CPU.ActiveCfg = Debug|Any CPU
		{CBB7BBF6-D006-450C-B8FC-018244CAFAB1}.Debug|Any CPU.Build.0 = Debug|Any CPU
		{CBB7BBF6-D006-450C-B8FC-018244CAFAB1}.Release|Any CPU.ActiveCfg = Release|Any CPU
		{CBB7BBF6-D006-450C-B8FC-018244CAFAB1}.Release|Any CPU.Build.0 = Release|Any CPU
		{94C63377-AD88-43BD-B83F-A69F0A717F2B}.Debug|Any CPU.ActiveCfg = Debug|Any CPU
		{94C63377-AD88-43BD-B83F-A69F0A717F2B}.Debug|Any CPU.Build.0 = Debug|Any CPU
		{94C63377-AD88-43BD-B83F-A69F0A717F2B}.Release|Any CPU.ActiveCfg = Release|Any CPU
		{94C63377-AD88-43BD-B83F-A69F0A717F2B}.Release|Any CPU.Build.0 = Release|Any CPU
		{8AA598A5-7C5C-4B8D-B068-912531DA1D2F}.Debug|Any CPU.ActiveCfg = Debug|Any CPU
		{8AA598A5-7C5C-4B8D-B068-912531DA1D2F}.Debug|Any CPU.Build.0 = Debug|Any CPU
		{8AA598A5-7C5C-4B8D-B068-912531DA1D2F}.Release|Any CPU.ActiveCfg = Release|Any CPU
		{8AA598A5-7C5C-4B8D-B068-912531DA1D2F}.Release|Any CPU.Build.0 = Release|Any CPU
		{E14049D1-3DBB-45D8-843A-C1330461387A}.Debug|Any CPU.ActiveCfg = Debug|Any CPU
		{E14049D1-3DBB-45D8-843A-C1330461387A}.Debug|Any CPU.Build.0 = Debug|Any CPU
		{E14049D1-3DBB-45D8-843A-C1330461387A}.Release|Any CPU.ActiveCfg = Release|Any CPU
		{E14049D1-3DBB-45D8-843A-C1330461387A}.Release|Any CPU.Build.0 = Release|Any CPU
		{BEC11100-1FB4-47D4-A76D-4D07D710E530}.Debug|Any CPU.ActiveCfg = Debug|Any CPU
		{BEC11100-1FB4-47D4-A76D-4D07D710E530}.Debug|Any CPU.Build.0 = Debug|Any CPU
		{BEC11100-1FB4-47D4-A76D-4D07D710E530}.Release|Any CPU.ActiveCfg = Release|Any CPU
		{BEC11100-1FB4-47D4-A76D-4D07D710E530}.Release|Any CPU.Build.0 = Release|Any CPU
	EndGlobalSection
	GlobalSection(SolutionProperties) = preSolution
		HideSolutionNode = FALSE
	EndGlobalSection
	GlobalSection(NestedProjects) = preSolution
		{C9E8D557-4B72-4FF3-9799-9AC1D91676FB} = {7D1500C8-CFCC-4384-B63D-34F6F71241C6}
		{43B356E7-2431-4594-880A-5E5A141249B0} = {9F485C33-EBE7-41CC-8685-05EF96D470B7}
		{DA529224-859F-46B1-AC7A-0667D47B6DD7} = {9F485C33-EBE7-41CC-8685-05EF96D470B7}
		{D085DC58-B355-4EB4-A396-634217A6614F} = {9F485C33-EBE7-41CC-8685-05EF96D470B7}
		{B77ABF59-2E2D-477C-88ED-45F581366666} = {F975CBB5-A796-40CB-97F9-4CE8E6920E13}
		{D29A1964-5ABF-4C80-8B18-93B3D1CBAE90} = {F975CBB5-A796-40CB-97F9-4CE8E6920E13}
		{A18776B7-4615-4F97-A481-65655256FC53} = {F975CBB5-A796-40CB-97F9-4CE8E6920E13}
		{54ED25D6-8BB4-445A-ABD7-9A54745F24A7} = {F975CBB5-A796-40CB-97F9-4CE8E6920E13}
		{2C7D641F-572D-4201-AC01-EF41C56C0A51} = {E9485C58-F538-4B9D-86F6-16C1DB457FB1}
		{CBB7BBF6-D006-450C-B8FC-018244CAFAB1} = {E9485C58-F538-4B9D-86F6-16C1DB457FB1}
		{94C63377-AD88-43BD-B83F-A69F0A717F2B} = {E9485C58-F538-4B9D-86F6-16C1DB457FB1}
		{8AA598A5-7C5C-4B8D-B068-912531DA1D2F} = {E2287034-092A-4271-B4C0-92AB99DE1E3A}
		{E14049D1-3DBB-45D8-843A-C1330461387A} = {10EF3E8E-AA79-4A69-B63D-2A24D8940FB8}
		{BEC11100-1FB4-47D4-A76D-4D07D710E530} = {701CC000-4313-418F-BDC3-91D8FF6FFC5C}
	EndGlobalSection
	GlobalSection(ExtensibilityGlobals) = postSolution
		SolutionGuid = {AA017B06-61EB-477E-AAE4-B7574F5E3E9A}
	EndGlobalSection
EndGlobal
