
Microsoft Visual Studio Solution File, Format Version 12.00
# Visual Studio Version 17
VisualStudioVersion = 17.5.002.0
MinimumVisualStudioVersion = 10.0.40219.1
Project("{2150E333-8FDC-42A3-9474-1A3956D46DE8}") = "sandbox", "sandbox", "{29747CA6-3CCF-44BF-92F4-FACF0CCA2869}"
EndProject
Project("{9A19103F-16F7-4668-BE54-9A1E7A4F7556}") = "sandbox_project", "sandbox\sandbox_project\sandbox_project.csproj", "{B789EB18-C120-474A-AB6F-6EDA64354853}"
EndProject
Project("{2150E333-8FDC-42A3-9474-1A3956D46DE8}") = "week01", "week01", "{F5DFA352-0CCC-422D-A10B-07AE6BE11762}"
EndProject
Project("{9A19103F-16F7-4668-BE54-9A1E7A4F7556}") = "analyze", "week01\analyze\analyze.csproj", "{4FDF4814-D6B1-4792-BC22-1EC698859EEE}"
EndProject
Project("{9A19103F-16F7-4668-BE54-9A1E7A4F7556}") = "code", "week01\code\code.csproj", "{3586F513-52D9-4638-AFB7-04C5C50367BF}"
EndProject
Project("{9A19103F-16F7-4668-BE54-9A1E7A4F7556}") = "teach", "week01\teach\teach.csproj", "{37CA7C33-FB57-4DA1-8E04-DC76B73D26BB}"
EndProject
Project("{2150E333-8FDC-42A3-9474-1A3956D46DE8}") = "week02", "week02", "{494FB4FD-4F06-4626-A368-74B318134003}"
EndProject
Project("{9A19103F-16F7-4668-BE54-9A1E7A4F7556}") = "analyze", "week02\analyze\analyze.csproj", "{47AB99BD-7752-4875-B7DF-6168E781B0EC}"
EndProject
Project("{9A19103F-16F7-4668-BE54-9A1E7A4F7556}") = "code", "week02\code\code.csproj", "{E0E328D7-3205-4D2B-B1DB-D5CFC5DD4720}"
EndProject
Project("{9A19103F-16F7-4668-BE54-9A1E7A4F7556}") = "learn", "week02\learn\learn.csproj", "{3BCDE48A-C7AF-403E-AAFF-E1E3DBEFC845}"
EndProject
Project("{9A19103F-16F7-4668-BE54-9A1E7A4F7556}") = "teach", "week02\teach\teach.csproj", "{C608F9F2-993C-4982-9052-82E91499C1F0}"
EndProject
Project("{2150E333-8FDC-42A3-9474-1A3956D46DE8}") = "week03", "week03", "{56177972-4140-4B4A-90A4-B4DB4EF561EE}"
EndProject
Project("{9A19103F-16F7-4668-BE54-9A1E7A4F7556}") = "code", "week03\code\code.csproj", "{169637D5-0219-4643-95FA-3AB53A5BE9D8}"
EndProject
Project("{9A19103F-16F7-4668-BE54-9A1E7A4F7556}") = "learn", "week03\learn\learn.csproj", "{6BC6A564-699D-4B34-8D68-C652996B448F}"
EndProject
Project("{9A19103F-16F7-4668-BE54-9A1E7A4F7556}") = "teach", "week03\teach\teach.csproj", "{73B30300-1864-4429-9F51-E10D7D0B6CB8}"
EndProject
Project("{2150E333-8FDC-42A3-9474-1A3956D46DE8}") = "week04", "week04", "{AC3652E5-2CD5-4017-A169-36FD1BE538C9}"
EndProject
Project("{9A19103F-16F7-4668-BE54-9A1E7A4F7556}") = "code", "week04\code\code.csproj", "{79908D4C-53E5-46EC-B2DC-458473471A59}"
EndProject
Project("{2150E333-8FDC-42A3-9474-1A3956D46DE8}") = "week05", "week05", "{E8565D48-06FA-4CD2-B5F2-BA110BCA557A}"
EndProject
Project("{9A19103F-16F7-4668-BE54-9A1E7A4F7556}") = "code", "week05\code\code.csproj", "{2EF270C9-2CCD-4CE4-9928-2F460E795A1D}"
EndProject
Project("{2150E333-8FDC-42A3-9474-1A3956D46DE8}") = "week06", "week06", "{332120DC-2277-44E5-969D-CF2413B04A4B}"
EndProject
Project("{9A19103F-16F7-4668-BE54-9A1E7A4F7556}") = "code", "week06\code\code.csproj", "{9615650A-383C-4DD5-9153-7D323E5FAA14}"
EndProject
Global
	GlobalSection(SolutionConfigurationPlatforms) = preSolution
		Debug|Any CPU = Debug|Any CPU
		Release|Any CPU = Release|Any CPU
	EndGlobalSection
	GlobalSection(ProjectConfigurationPlatforms) = postSolution
		{B789EB18-C120-474A-AB6F-6EDA64354853}.Debug|Any CPU.ActiveCfg = Debug|Any CPU
		{B789EB18-C120-474A-AB6F-6EDA64354853}.Debug|Any CPU.Build.0 = Debug|Any CPU
		{B789EB18-C120-474A-AB6F-6EDA64354853}.Release|Any CPU.ActiveCfg = Release|Any CPU
		{B789EB18-C120-474A-AB6F-6EDA64354853}.Release|Any CPU.Build.0 = Release|Any CPU
		{4FDF4814-D6B1-4792-BC22-1EC698859EEE}.Debug|Any CPU.ActiveCfg = Debug|Any CPU
		{4FDF4814-D6B1-4792-BC22-1EC698859EEE}.Debug|Any CPU.Build.0 = Debug|Any CPU
		{4FDF4814-D6B1-4792-BC22-1EC698859EEE}.Release|Any CPU.ActiveCfg = Release|Any CPU
		{4FDF4814-D6B1-4792-BC22-1EC698859EEE}.Release|Any CPU.Build.0 = Release|Any CPU
		{3586F513-52D9-4638-AFB7-04C5C50367BF}.Debug|Any CPU.ActiveCfg = Debug|Any CPU
		{3586F513-52D9-4638-AFB7-04C5C50367BF}.Debug|Any CPU.Build.0 = Debug|Any CPU
		{3586F513-52D9-4638-AFB7-04C5C50367BF}.Release|Any CPU.ActiveCfg = Release|Any CPU
		{3586F513-52D9-4638-AFB7-04C5C50367BF}.Release|Any CPU.Build.0 = Release|Any CPU
		{37CA7C33-FB57-4DA1-8E04-DC76B73D26BB}.Debug|Any CPU.ActiveCfg = Debug|Any CPU
		{37CA7C33-FB57-4DA1-8E04-DC76B73D26BB}.Debug|Any CPU.Build.0 = Debug|Any CPU
		{37CA7C33-FB57-4DA1-8E04-DC76B73D26BB}.Release|Any CPU.ActiveCfg = Release|Any CPU
		{37CA7C33-FB57-4DA1-8E04-DC76B73D26BB}.Release|Any CPU.Build.0 = Release|Any CPU
		{47AB99BD-7752-4875-B7DF-6168E781B0EC}.Debug|Any CPU.ActiveCfg = Debug|Any CPU
		{47AB99BD-7752-4875-B7DF-6168E781B0EC}.Debug|Any CPU.Build.0 = Debug|Any CPU
		{47AB99BD-7752-4875-B7DF-6168E781B0EC}.Release|Any CPU.ActiveCfg = Release|Any CPU
		{47AB99BD-7752-4875-B7DF-6168E781B0EC}.Release|Any CPU.Build.0 = Release|Any CPU
		{E0E328D7-3205-4D2B-B1DB-D5CFC5DD4720}.Debug|Any CPU.ActiveCfg = Debug|Any CPU
		{E0E328D7-3205-4D2B-B1DB-D5CFC5DD4720}.Debug|Any CPU.Build.0 = Debug|Any CPU
		{E0E328D7-3205-4D2B-B1DB-D5CFC5DD4720}.Release|Any CPU.ActiveCfg = Release|Any CPU
		{E0E328D7-3205-4D2B-B1DB-D5CFC5DD4720}.Release|Any CPU.Build.0 = Release|Any CPU
		{3BCDE48A-C7AF-403E-AAFF-E1E3DBEFC845}.Debug|Any CPU.ActiveCfg = Debug|Any CPU
		{3BCDE48A-C7AF-403E-AAFF-E1E3DBEFC845}.Debug|Any CPU.Build.0 = Debug|Any CPU
		{3BCDE48A-C7AF-403E-AAFF-E1E3DBEFC845}.Release|Any CPU.ActiveCfg = Release|Any CPU
		{3BCDE48A-C7AF-403E-AAFF-E1E3DBEFC845}.Release|Any CPU.Build.0 = Release|Any CPU
		{C608F9F2-993C-4982-9052-82E91499C1F0}.Debug|Any CPU.ActiveCfg = Debug|Any CPU
		{C608F9F2-993C-4982-9052-82E91499C1F0}.Debug|Any CPU.Build.0 = Debug|Any CPU
		{C608F9F2-993C-4982-9052-82E91499C1F0}.Release|Any CPU.ActiveCfg = Release|Any CPU
		{C608F9F2-993C-4982-9052-82E91499C1F0}.Release|Any CPU.Build.0 = Release|Any CPU
		{169637D5-0219-4643-95FA-3AB53A5BE9D8}.Debug|Any CPU.ActiveCfg = Debug|Any CPU
		{169637D5-0219-4643-95FA-3AB53A5BE9D8}.Debug|Any CPU.Build.0 = Debug|Any CPU
		{169637D5-0219-4643-95FA-3AB53A5BE9D8}.Release|Any CPU.ActiveCfg = Release|Any CPU
		{169637D5-0219-4643-95FA-3AB53A5BE9D8}.Release|Any CPU.Build.0 = Release|Any CPU
		{6BC6A564-699D-4B34-8D68-C652996B448F}.Debug|Any CPU.ActiveCfg = Debug|Any CPU
		{6BC6A564-699D-4B34-8D68-C652996B448F}.Debug|Any CPU.Build.0 = Debug|Any CPU
		{6BC6A564-699D-4B34-8D68-C652996B448F}.Release|Any CPU.ActiveCfg = Release|Any CPU
		{6BC6A564-699D-4B34-8D68-C652996B448F}.Release|Any CPU.Build.0 = Release|Any CPU
		{73B30300-1864-4429-9F51-E10D7D0B6CB8}.Debug|Any CPU.ActiveCfg = Debug|Any CPU
		{73B30300-1864-4429-9F51-E10D7D0B6CB8}.Debug|Any CPU.Build.0 = Debug|Any CPU
		{73B30300-1864-4429-9F51-E10D7D0B6CB8}.Release|Any CPU.ActiveCfg = Release|Any CPU
		{73B30300-1864-4429-9F51-E10D7D0B6CB8}.Release|Any CPU.Build.0 = Release|Any CPU
		{79908D4C-53E5-46EC-B2DC-458473471A59}.Debug|Any CPU.ActiveCfg = Debug|Any CPU
		{79908D4C-53E5-46EC-B2DC-458473471A59}.Debug|Any CPU.Build.0 = Debug|Any CPU
		{79908D4C-53E5-46EC-B2DC-458473471A59}.Release|Any CPU.ActiveCfg = Release|Any CPU
		{79908D4C-53E5-46EC-B2DC-458473471A59}.Release|Any CPU.Build.0 = Release|Any CPU
		{2EF270C9-2CCD-4CE4-9928-2F460E795A1D}.Debug|Any CPU.ActiveCfg = Debug|Any CPU
		{2EF270C9-2CCD-4CE4-9928-2F460E795A1D}.Debug|Any CPU.Build.0 = Debug|Any CPU
		{2EF270C9-2CCD-4CE4-9928-2F460E795A1D}.Release|Any CPU.ActiveCfg = Release|Any CPU
		{2EF270C9-2CCD-4CE4-9928-2F460E795A1D}.Release|Any CPU.Build.0 = Release|Any CPU
		{9615650A-383C-4DD5-9153-7D323E5FAA14}.Debug|Any CPU.ActiveCfg = Debug|Any CPU
		{9615650A-383C-4DD5-9153-7D323E5FAA14}.Debug|Any CPU.Build.0 = Debug|Any CPU
		{9615650A-383C-4DD5-9153-7D323E5FAA14}.Release|Any CPU.ActiveCfg = Release|Any CPU
		{9615650A-383C-4DD5-9153-7D323E5FAA14}.Release|Any CPU.Build.0 = Release|Any CPU
	EndGlobalSection
	GlobalSection(SolutionProperties) = preSolution
		HideSolutionNode = FALSE
	EndGlobalSection
	GlobalSection(NestedProjects) = preSolution
		{B789EB18-C120-474A-AB6F-6EDA64354853} = {29747CA6-3CCF-44BF-92F4-FACF0CCA2869}
		{4FDF4814-D6B1-4792-BC22-1EC698859EEE} = {F5DFA352-0CCC-422D-A10B-07AE6BE11762}
		{3586F513-52D9-4638-AFB7-04C5C50367BF} = {F5DFA352-0CCC-422D-A10B-07AE6BE11762}
		{37CA7C33-FB57-4DA1-8E04-DC76B73D26BB} = {F5DFA352-0CCC-422D-A10B-07AE6BE11762}
		{47AB99BD-7752-4875-B7DF-6168E781B0EC} = {494FB4FD-4F06-4626-A368-74B318134003}
		{E0E328D7-3205-4D2B-B1DB-D5CFC5DD4720} = {494FB4FD-4F06-4626-A368-74B318134003}
		{3BCDE48A-C7AF-403E-AAFF-E1E3DBEFC845} = {494FB4FD-4F06-4626-A368-74B318134003}
		{C608F9F2-993C-4982-9052-82E91499C1F0} = {494FB4FD-4F06-4626-A368-74B318134003}
		{169637D5-0219-4643-95FA-3AB53A5BE9D8} = {56177972-4140-4B4A-90A4-B4DB4EF561EE}
		{6BC6A564-699D-4B34-8D68-C652996B448F} = {56177972-4140-4B4A-90A4-B4DB4EF561EE}
		{73B30300-1864-4429-9F51-E10D7D0B6CB8} = {56177972-4140-4B4A-90A4-B4DB4EF561EE}
		{79908D4C-53E5-46EC-B2DC-458473471A59} = {AC3652E5-2CD5-4017-A169-36FD1BE538C9}
		{2EF270C9-2CCD-4CE4-9928-2F460E795A1D} = {E8565D48-06FA-4CD2-B5F2-BA110BCA557A}
		{9615650A-383C-4DD5-9153-7D323E5FAA14} = {332120DC-2277-44E5-969D-CF2413B04A4B}
	EndGlobalSection
	GlobalSection(ExtensibilityGlobals) = postSolution
		SolutionGuid = {18A1C7D7-4CB5-4B08-AFD6-C36791F21BBB}
	EndGlobalSection
EndGlobal
